
Microsoft Visual Studio Solution File, Format Version 12.00
# Visual Studio Version 16
VisualStudioVersion = 16.0.31624.102
MinimumVisualStudioVersion = 10.0.40219.1
Project("{FAE04EC0-301F-11D3-BF4B-00C04F79EFBC}") = "Functions", "Functions\Functions.csproj", "{D44911CD-B23C-4785-85B0-5DCA76EEA2C1}"
EndProject
Project("{FAE04EC0-301F-11D3-BF4B-00C04F79EFBC}") = "UserNameData", "UserNameData\UserNameData.csproj", "{7F2B6396-523D-428A-957D-FFDA65A3DF97}"
EndProject
Project("{FAE04EC0-301F-11D3-BF4B-00C04F79EFBC}") = "UserNameDataTask", "UserNameDataTask\UserNameDataTask.csproj", "{3DD5EEBC-79CD-4D0C-87AE-A2F5A4214C60}"
EndProject
Global
	GlobalSection(SolutionConfigurationPlatforms) = preSolution
		Debug|Any CPU = Debug|Any CPU
		Release|Any CPU = Release|Any CPU
	EndGlobalSection
	GlobalSection(ProjectConfigurationPlatforms) = postSolution
		{D44911CD-B23C-4785-85B0-5DCA76EEA2C1}.Debug|Any CPU.ActiveCfg = Debug|Any CPU
		{D44911CD-B23C-4785-85B0-5DCA76EEA2C1}.Debug|Any CPU.Build.0 = Debug|Any CPU
		{D44911CD-B23C-4785-85B0-5DCA76EEA2C1}.Release|Any CPU.ActiveCfg = Release|Any CPU
		{D44911CD-B23C-4785-85B0-5DCA76EEA2C1}.Release|Any CPU.Build.0 = Release|Any CPU
		{7F2B6396-523D-428A-957D-FFDA65A3DF97}.Debug|Any CPU.ActiveCfg = Debug|Any CPU
		{7F2B6396-523D-428A-957D-FFDA65A3DF97}.Debug|Any CPU.Build.0 = Debug|Any CPU
		{7F2B6396-523D-428A-957D-FFDA65A3DF97}.Release|Any CPU.ActiveCfg = Release|Any CPU
		{7F2B6396-523D-428A-957D-FFDA65A3DF97}.Release|Any CPU.Build.0 = Release|Any CPU
		{3DD5EEBC-79CD-4D0C-87AE-A2F5A4214C60}.Debug|Any CPU.ActiveCfg = Debug|Any CPU
		{3DD5EEBC-79CD-4D0C-87AE-A2F5A4214C60}.Debug|Any CPU.Build.0 = Debug|Any CPU
		{3DD5EEBC-79CD-4D0C-87AE-A2F5A4214C60}.Release|Any CPU.ActiveCfg = Release|Any CPU
		{3DD5EEBC-79CD-4D0C-87AE-A2F5A4214C60}.Release|Any CPU.Build.0 = Release|Any CPU
	EndGlobalSection
	GlobalSection(SolutionProperties) = preSolution
		HideSolutionNode = FALSE
	EndGlobalSection
	GlobalSection(ExtensibilityGlobals) = postSolution
		SolutionGuid = {95CFEA66-C34B-4360-A2DD-06C8A916873F}
	EndGlobalSection
EndGlobal
